
Microsoft Visual Studio Solution File, Format Version 12.00
# Visual Studio Version 16
VisualStudioVersion = 16.0.31911.196
MinimumVisualStudioVersion = 10.0.40219.1
Project("{9A19103F-16F7-4668-BE54-9A1E7A4F7556}") = "InTouchLibrary", "InTouch\InTouchLibrary.csproj", "{5A014240-B71C-498E-AF02-D4F58EB6FD9C}"
EndProject
Project("{9A19103F-16F7-4668-BE54-9A1E7A4F7556}") = "ServerInTouch", "ServerInTouch\ServerInTouch.csproj", "{CDBD55E9-2C0F-464B-95D7-4AAB8AE9FC27}"
	ProjectSection(ProjectDependencies) = postProject
		{F36C5680-F21E-4DBD-A020-AB2E6B603857} = {F36C5680-F21E-4DBD-A020-AB2E6B603857}
	EndProjectSection
EndProject
Project("{9A19103F-16F7-4668-BE54-9A1E7A4F7556}") = "ClientInTouch", "ClientInTouch\ClientInTouch.csproj", "{A4263CCA-92DC-40A0-B718-E0262C5070A3}"
EndProject
Project("{9A19103F-16F7-4668-BE54-9A1E7A4F7556}") = "Logger", "Logger\Logger.csproj", "{F36C5680-F21E-4DBD-A020-AB2E6B603857}"
EndProject
Project("{9A19103F-16F7-4668-BE54-9A1E7A4F7556}") = "DataBaseActions", "DataBaseActions\DataBaseActions.csproj", "{0E812675-EA5B-4A0F-8969-1374FC989E75}"
EndProject
Project("{FAE04EC0-301F-11D3-BF4B-00C04F79EFBC}") = "testDB", "testDB\testDB.csproj", "{287B7172-0030-4F11-9F7D-46A2B8BBE60A}"
EndProject
Global
	GlobalSection(SolutionConfigurationPlatforms) = preSolution
		Debug|Any CPU = Debug|Any CPU
		Release|Any CPU = Release|Any CPU
	EndGlobalSection
	GlobalSection(ProjectConfigurationPlatforms) = postSolution
		{5A014240-B71C-498E-AF02-D4F58EB6FD9C}.Debug|Any CPU.ActiveCfg = Debug|Any CPU
		{5A014240-B71C-498E-AF02-D4F58EB6FD9C}.Debug|Any CPU.Build.0 = Debug|Any CPU
		{5A014240-B71C-498E-AF02-D4F58EB6FD9C}.Release|Any CPU.ActiveCfg = Release|Any CPU
		{5A014240-B71C-498E-AF02-D4F58EB6FD9C}.Release|Any CPU.Build.0 = Release|Any CPU
		{CDBD55E9-2C0F-464B-95D7-4AAB8AE9FC27}.Debug|Any CPU.ActiveCfg = Debug|Any CPU
		{CDBD55E9-2C0F-464B-95D7-4AAB8AE9FC27}.Debug|Any CPU.Build.0 = Debug|Any CPU
		{CDBD55E9-2C0F-464B-95D7-4AAB8AE9FC27}.Release|Any CPU.ActiveCfg = Release|Any CPU
		{CDBD55E9-2C0F-464B-95D7-4AAB8AE9FC27}.Release|Any CPU.Build.0 = Release|Any CPU
		{A4263CCA-92DC-40A0-B718-E0262C5070A3}.Debug|Any CPU.ActiveCfg = Debug|Any CPU
		{A4263CCA-92DC-40A0-B718-E0262C5070A3}.Debug|Any CPU.Build.0 = Debug|Any CPU
		{A4263CCA-92DC-40A0-B718-E0262C5070A3}.Release|Any CPU.ActiveCfg = Release|Any CPU
		{A4263CCA-92DC-40A0-B718-E0262C5070A3}.Release|Any CPU.Build.0 = Release|Any CPU
		{F36C5680-F21E-4DBD-A020-AB2E6B603857}.Debug|Any CPU.ActiveCfg = Debug|Any CPU
		{F36C5680-F21E-4DBD-A020-AB2E6B603857}.Debug|Any CPU.Build.0 = Debug|Any CPU
		{F36C5680-F21E-4DBD-A020-AB2E6B603857}.Release|Any CPU.ActiveCfg = Release|Any CPU
		{F36C5680-F21E-4DBD-A020-AB2E6B603857}.Release|Any CPU.Build.0 = Release|Any CPU
		{0E812675-EA5B-4A0F-8969-1374FC989E75}.Debug|Any CPU.ActiveCfg = Debug|Any CPU
		{0E812675-EA5B-4A0F-8969-1374FC989E75}.Debug|Any CPU.Build.0 = Debug|Any CPU
		{0E812675-EA5B-4A0F-8969-1374FC989E75}.Release|Any CPU.ActiveCfg = Release|Any CPU
		{0E812675-EA5B-4A0F-8969-1374FC989E75}.Release|Any CPU.Build.0 = Release|Any CPU
		{287B7172-0030-4F11-9F7D-46A2B8BBE60A}.Debug|Any CPU.ActiveCfg = Debug|Any CPU
		{287B7172-0030-4F11-9F7D-46A2B8BBE60A}.Debug|Any CPU.Build.0 = Debug|Any CPU
		{287B7172-0030-4F11-9F7D-46A2B8BBE60A}.Release|Any CPU.ActiveCfg = Release|Any CPU
		{287B7172-0030-4F11-9F7D-46A2B8BBE60A}.Release|Any CPU.Build.0 = Release|Any CPU
	EndGlobalSection
	GlobalSection(SolutionProperties) = preSolution
		HideSolutionNode = FALSE
	EndGlobalSection
	GlobalSection(ExtensibilityGlobals) = postSolution
		SolutionGuid = {FCB54C0C-DD3F-4F35-A5D3-2244DA3B5B34}
	EndGlobalSection
EndGlobal
