
Microsoft Visual Studio Solution File, Format Version 12.00
# Visual Studio Version 16
VisualStudioVersion = 16.0.31911.196
MinimumVisualStudioVersion = 10.0.40219.1
Project("{9A19103F-16F7-4668-BE54-9A1E7A4F7556}") = "InTouchServer", "InTouch\InTouchServer.csproj", "{5A014240-B71C-498E-AF02-D4F58EB6FD9C}"
EndProject
Project("{FAE04EC0-301F-11D3-BF4B-00C04F79EFBC}") = "Logger", "Logger\Logger.csproj", "{99FFD901-4AF1-4E00-97A3-9EE481DEE453}"
EndProject
Global
	GlobalSection(SolutionConfigurationPlatforms) = preSolution
		Debug|Any CPU = Debug|Any CPU
		Release|Any CPU = Release|Any CPU
	EndGlobalSection
	GlobalSection(ProjectConfigurationPlatforms) = postSolution
		{5A014240-B71C-498E-AF02-D4F58EB6FD9C}.Debug|Any CPU.ActiveCfg = Debug|Any CPU
		{5A014240-B71C-498E-AF02-D4F58EB6FD9C}.Debug|Any CPU.Build.0 = Debug|Any CPU
		{5A014240-B71C-498E-AF02-D4F58EB6FD9C}.Release|Any CPU.ActiveCfg = Release|Any CPU
		{5A014240-B71C-498E-AF02-D4F58EB6FD9C}.Release|Any CPU.Build.0 = Release|Any CPU
		{99FFD901-4AF1-4E00-97A3-9EE481DEE453}.Debug|Any CPU.ActiveCfg = Debug|Any CPU
		{99FFD901-4AF1-4E00-97A3-9EE481DEE453}.Debug|Any CPU.Build.0 = Debug|Any CPU
		{99FFD901-4AF1-4E00-97A3-9EE481DEE453}.Release|Any CPU.ActiveCfg = Release|Any CPU
		{99FFD901-4AF1-4E00-97A3-9EE481DEE453}.Release|Any CPU.Build.0 = Release|Any CPU
	EndGlobalSection
	GlobalSection(SolutionProperties) = preSolution
		HideSolutionNode = FALSE
	EndGlobalSection
	GlobalSection(ExtensibilityGlobals) = postSolution
		SolutionGuid = {FCB54C0C-DD3F-4F35-A5D3-2244DA3B5B34}
	EndGlobalSection
EndGlobal
